
Microsoft Visual Studio Solution File, Format Version 12.00
# Visual Studio Version 17
VisualStudioVersion = 17.5.33530.505
MinimumVisualStudioVersion = 10.0.40219.1
Project("{FAE04EC0-301F-11D3-BF4B-00C04F79EFBC}") = "C#小区物业管理", "C#小区物业管理.csproj", "{A95AF46F-C1A7-488A-852E-BDF66E59597F}"
EndProject
Global
	GlobalSection(SolutionConfigurationPlatforms) = preSolution
		Debug|Any CPU = Debug|Any CPU
		Release|Any CPU = Release|Any CPU
	EndGlobalSection
	GlobalSection(ProjectConfigurationPlatforms) = postSolution
		{A95AF46F-C1A7-488A-852E-BDF66E59597F}.Debug|Any CPU.ActiveCfg = Debug|Any CPU
		{A95AF46F-C1A7-488A-852E-BDF66E59597F}.Debug|Any CPU.Build.0 = Debug|Any CPU
		{A95AF46F-C1A7-488A-852E-BDF66E59597F}.Release|Any CPU.ActiveCfg = Release|Any CPU
		{A95AF46F-C1A7-488A-852E-BDF66E59597F}.Release|Any CPU.Build.0 = Release|Any CPU
	EndGlobalSection
	GlobalSection(SolutionProperties) = preSolution
		HideSolutionNode = FALSE
	EndGlobalSection
	GlobalSection(ExtensibilityGlobals) = postSolution
		SolutionGuid = {54D4F3C3-7E95-48F5-8B50-2F4EF383AB34}
	EndGlobalSection
EndGlobal
